
Microsoft Visual Studio Solution File, Format Version 11.00
# Visual Studio 2010
Project("{FAE04EC0-301F-11D3-BF4B-00C04F79EFBC}") = "NewBehaviourAssembly", "NewBehaviourAssembly.csproj", "{EC1D4666-997B-4C5A-A8AA-AAA51983B10E}"
EndProject
Project("{FAE04EC0-301F-11D3-BF4B-00C04F79EFBC}") = "TestS", "TestS.csproj", "{0A8E86F7-5A1C-0370-F005-192F35E3B341}"
EndProject
Global
	GlobalSection(SolutionConfigurationPlatforms) = preSolution
		Debug|Any CPU = Debug|Any CPU
		Release|Any CPU = Release|Any CPU
	EndGlobalSection
	GlobalSection(ProjectConfigurationPlatforms) = postSolution
		{EC1D4666-997B-4C5A-A8AA-AAA51983B10E}.Debug|Any CPU.ActiveCfg = Debug|Any CPU
		{EC1D4666-997B-4C5A-A8AA-AAA51983B10E}.Debug|Any CPU.Build.0 = Debug|Any CPU
		{EC1D4666-997B-4C5A-A8AA-AAA51983B10E}.Release|Any CPU.ActiveCfg = Release|Any CPU
		{EC1D4666-997B-4C5A-A8AA-AAA51983B10E}.Release|Any CPU.Build.0 = Release|Any CPU
		{0A8E86F7-5A1C-0370-F005-192F35E3B341}.Debug|Any CPU.ActiveCfg = Debug|Any CPU
		{0A8E86F7-5A1C-0370-F005-192F35E3B341}.Debug|Any CPU.Build.0 = Debug|Any CPU
		{0A8E86F7-5A1C-0370-F005-192F35E3B341}.Release|Any CPU.ActiveCfg = Release|Any CPU
		{0A8E86F7-5A1C-0370-F005-192F35E3B341}.Release|Any CPU.Build.0 = Release|Any CPU
	EndGlobalSection
	GlobalSection(SolutionProperties) = preSolution
		HideSolutionNode = FALSE
	EndGlobalSection
	GlobalSection(MonoDevelopProperties) = preSolution
		StartupItem = Assembly-CSharp.csproj
	EndGlobalSection
EndGlobal
